
Microsoft Visual Studio Solution File, Format Version 12.00
# Visual Studio 15
Project("{FAE04EC0-301F-11D3-BF4B-00C04F79EFBC}") = "Assembly-CSharp", "Assembly-CSharp.csproj", "{026E85DF-5921-2801-9EDB-924BB34AB3FF}"
EndProject
Project("{FAE04EC0-301F-11D3-BF4B-00C04F79EFBC}") = "Assembly-CSharp-Editor", "Assembly-CSharp-Editor.csproj", "{E16E4B18-D1B5-3E84-5BC9-21B95764DDDC}"
EndProject
Global
	GlobalSection(SolutionConfigurationPlatforms) = preSolution
		Debug|Any CPU = Debug|Any CPU
		Release|Any CPU = Release|Any CPU
	EndGlobalSection
	GlobalSection(ProjectConfigurationPlatforms) = postSolution
		{026E85DF-5921-2801-9EDB-924BB34AB3FF}.Debug|Any CPU.ActiveCfg = Debug|Any CPU
		{026E85DF-5921-2801-9EDB-924BB34AB3FF}.Debug|Any CPU.Build.0 = Debug|Any CPU
		{026E85DF-5921-2801-9EDB-924BB34AB3FF}.Release|Any CPU.ActiveCfg = Release|Any CPU
		{026E85DF-5921-2801-9EDB-924BB34AB3FF}.Release|Any CPU.Build.0 = Release|Any CPU
		{E16E4B18-D1B5-3E84-5BC9-21B95764DDDC}.Debug|Any CPU.ActiveCfg = Debug|Any CPU
		{E16E4B18-D1B5-3E84-5BC9-21B95764DDDC}.Debug|Any CPU.Build.0 = Debug|Any CPU
		{E16E4B18-D1B5-3E84-5BC9-21B95764DDDC}.Release|Any CPU.ActiveCfg = Release|Any CPU
		{E16E4B18-D1B5-3E84-5BC9-21B95764DDDC}.Release|Any CPU.Build.0 = Release|Any CPU
	EndGlobalSection
	GlobalSection(SolutionProperties) = preSolution
		HideSolutionNode = FALSE
	EndGlobalSection
EndGlobal
